PODS:
  - Alamofire (5.4.3)
  - R.swift (5.4.0):
    - R.swift.Library (~> 5.3.0)
  - R.swift.Library (5.3.0)

DEPENDENCIES:
  - Alamofire (~> 5.4)
  - R.swift

SPEC REPOS:
  trunk:
    - Alamofire
    - R.swift
    - R.swift.Library

SPEC CHECKSUMS:
  Alamofire: e447a2774a40c996748296fa2c55112fdbbc42f9
  R.swift: c533450b0f7dc494e0993f5f1a1db925d84c3006
  R.swift.Library: 0fc583cb55a99e28901299cc451614cad1161962

PODFILE CHECKSUM: db65319585ed7932f26619d84d50e27694757ddb

COCOAPODS: 1.10.1
