// !$*UTF8*$!
{
	archiveVersion = 1;
	classes = {
	};
	objectVersion = 51;
	objects = {

/* Begin PBXBuildFile section */
		0B1B66AA2BB32BC4B3DF99D0 /* Pods_WeatherApp.framework in Frameworks */ = {isa = PBXBuildFile; fileRef = 85A5EF8310E6D7820BE917B8 /* Pods_WeatherApp.framework */; };
		7407BCF02679F5FA00A03A6B /* Locations+CoreDataClass.swift in Sources */ = {isa = PBXBuildFile; fileRef = 7407BCEF2679F5F900A03A6B /* Locations+CoreDataClass.swift */; };
		7407BCF2267A549000A03A6B /* ApplyGradient.swift in Sources */ = {isa = PBXBuildFile; fileRef = 7407BCF1267A549000A03A6B /* ApplyGradient.swift */; };
		7439630F2670BECD007E16C6 /* WeatherData.swift in Sources */ = {isa = PBXBuildFile; fileRef = 7439630E2670BECD007E16C6 /* WeatherData.swift */; };
		7439632C26710970007E16C6 /* NetworkManager.swift in Sources */ = {isa = PBXBuildFile; fileRef = 7439632B26710970007E16C6 /* NetworkManager.swift */; };
		7439632E267109D8007E16C6 /* WeatherModel.swift in Sources */ = {isa = PBXBuildFile; fileRef = 7439632D267109D8007E16C6 /* WeatherModel.swift */; };
		7439633126711892007E16C6 /* SwiftUIView.swift in Sources */ = {isa = PBXBuildFile; fileRef = 7439633026711892007E16C6 /* SwiftUIView.swift */; };
		747A6C252681ECA10036FCD7 /* HomeScreenTableViewCell.swift in Sources */ = {isa = PBXBuildFile; fileRef = 747A6C242681ECA10036FCD7 /* HomeScreenTableViewCell.swift */; };
		749F2E00266F83FF0017AFC3 /* AppDelegate.swift in Sources */ = {isa = PBXBuildFile; fileRef = 749F2DFF266F83FF0017AFC3 /* AppDelegate.swift */; };
		749F2E02266F83FF0017AFC3 /* SceneDelegate.swift in Sources */ = {isa = PBXBuildFile; fileRef = 749F2E01266F83FF0017AFC3 /* SceneDelegate.swift */; };
		749F2E09266F84010017AFC3 /* Assets.xcassets in Resources */ = {isa = PBXBuildFile; fileRef = 749F2E08266F84010017AFC3 /* Assets.xcassets */; };
		749F2E0C266F84010017AFC3 /* LaunchScreen.storyboard in Resources */ = {isa = PBXBuildFile; fileRef = 749F2E0A266F84010017AFC3 /* LaunchScreen.storyboard */; };
		74AB40C326775C9300EDFF18 /* Locations.swift in Sources */ = {isa = PBXBuildFile; fileRef = 74AB40C226775C9300EDFF18 /* Locations.swift */; };
		74AB40C6267762B900EDFF18 /* WeatherApp.xcdatamodeld in Sources */ = {isa = PBXBuildFile; fileRef = 74AB40C4267762B900EDFF18 /* WeatherApp.xcdatamodeld */; };
		74BF684E2670B10A005D0855 /* HomeScreen.storyboard in Resources */ = {isa = PBXBuildFile; fileRef = 74BF684D2670B10A005D0855 /* HomeScreen.storyboard */; };
		74D3F84B2670970800C8C20B /* HomeScreenScenePresenter.swift in Sources */ = {isa = PBXBuildFile; fileRef = 74D3F8452670970800C8C20B /* HomeScreenScenePresenter.swift */; };
		74D3F84C2670970800C8C20B /* HomeScreenSceneWorker.swift in Sources */ = {isa = PBXBuildFile; fileRef = 74D3F8462670970800C8C20B /* HomeScreenSceneWorker.swift */; };
		74D3F84D2670970800C8C20B /* HomeScreenSceneRouter.swift in Sources */ = {isa = PBXBuildFile; fileRef = 74D3F8472670970800C8C20B /* HomeScreenSceneRouter.swift */; };
		74D3F84E2670970800C8C20B /* HomeScreenSceneModels.swift in Sources */ = {isa = PBXBuildFile; fileRef = 74D3F8482670970800C8C20B /* HomeScreenSceneModels.swift */; };
		74D3F84F2670970800C8C20B /* HomeScreenSceneViewController.swift in Sources */ = {isa = PBXBuildFile; fileRef = 74D3F8492670970800C8C20B /* HomeScreenSceneViewController.swift */; };
		74D3F8502670970800C8C20B /* HomeScreenSceneInteractor.swift in Sources */ = {isa = PBXBuildFile; fileRef = 74D3F84A2670970800C8C20B /* HomeScreenSceneInteractor.swift */; };
		74D5310F2673971E003B1DC1 /* HomeScreenTableViewController.swift in Sources */ = {isa = PBXBuildFile; fileRef = 74D5310E2673971E003B1DC1 /* HomeScreenTableViewController.swift */; };
		74D531122673C412003B1DC1 /* CustomColors.swift in Sources */ = {isa = PBXBuildFile; fileRef = 74D531112673C412003B1DC1 /* CustomColors.swift */; };
/* End PBXBuildFile section */

/* Begin PBXFileReference section */
		7407BCEF2679F5F900A03A6B /* Locations+CoreDataClass.swift */ = {isa = PBXFileReference; fileEncoding = 4; lastKnownFileType = sourcecode.swift; path = "Locations+CoreDataClass.swift"; sourceTree = "<group>"; };
		7407BCF1267A549000A03A6B /* ApplyGradient.swift */ = {isa = PBXFileReference; lastKnownFileType = sourcecode.swift; path = ApplyGradient.swift; sourceTree = "<group>"; };
		7439630E2670BECD007E16C6 /* WeatherData.swift */ = {isa = PBXFileReference; lastKnownFileType = sourcecode.swift; path = WeatherData.swift; sourceTree = "<group>"; };
		7439632B26710970007E16C6 /* NetworkManager.swift */ = {isa = PBXFileReference; lastKnownFileType = sourcecode.swift; path = NetworkManager.swift; sourceTree = "<group>"; };
		7439632D267109D8007E16C6 /* WeatherModel.swift */ = {isa = PBXFileReference; lastKnownFileType = sourcecode.swift; path = WeatherModel.swift; sourceTree = "<group>"; };
		7439633026711892007E16C6 /* SwiftUIView.swift */ = {isa = PBXFileReference; lastKnownFileType = sourcecode.swift; path = SwiftUIView.swift; sourceTree = "<group>"; };
		747A6C242681ECA10036FCD7 /* HomeScreenTableViewCell.swift */ = {isa = PBXFileReference; lastKnownFileType = sourcecode.swift; path = HomeScreenTableViewCell.swift; sourceTree = "<group>"; };
		749F2DFC266F83FF0017AFC3 /* WeatherApp.app */ = {isa = PBXFileReference; explicitFileType = wrapper.application; includeInIndex = 0; path = WeatherApp.app; sourceTree = BUILT_PRODUCTS_DIR; };
		749F2DFF266F83FF0017AFC3 /* AppDelegate.swift */ = {isa = PBXFileReference; lastKnownFileType = sourcecode.swift; path = AppDelegate.swift; sourceTree = "<group>"; };
		749F2E01266F83FF0017AFC3 /* SceneDelegate.swift */ = {isa = PBXFileReference; lastKnownFileType = sourcecode.swift; path = SceneDelegate.swift; sourceTree = "<group>"; };
		749F2E08266F84010017AFC3 /* Assets.xcassets */ = {isa = PBXFileReference; lastKnownFileType = folder.assetcatalog; path = Assets.xcassets; sourceTree = "<group>"; };
		749F2E0B266F84010017AFC3 /* Base */ = {isa = PBXFileReference; lastKnownFileType = file.storyboard; name = Base; path = Base.lproj/LaunchScreen.storyboard; sourceTree = "<group>"; };
		749F2E0D266F84010017AFC3 /* Info.plist */ = {isa = PBXFileReference; lastKnownFileType = text.plist.xml; path = Info.plist; sourceTree = "<group>"; };
		74AB40C226775C9300EDFF18 /* Locations.swift */ = {isa = PBXFileReference; lastKnownFileType = sourcecode.swift; path = Locations.swift; sourceTree = "<group>"; };
		74AB40C5267762B900EDFF18 /* Weather.xcdatamodel */ = {isa = PBXFileReference; lastKnownFileType = wrapper.xcdatamodel; path = Weather.xcdatamodel; sourceTree = "<group>"; };
		74BF684D2670B10A005D0855 /* HomeScreen.storyboard */ = {isa = PBXFileReference; lastKnownFileType = file.storyboard; path = HomeScreen.storyboard; sourceTree = "<group>"; };
		74D3F8452670970800C8C20B /* HomeScreenScenePresenter.swift */ = {isa = PBXFileReference; lastKnownFileType = sourcecode.swift; path = HomeScreenScenePresenter.swift; sourceTree = "<group>"; };
		74D3F8462670970800C8C20B /* HomeScreenSceneWorker.swift */ = {isa = PBXFileReference; lastKnownFileType = sourcecode.swift; path = HomeScreenSceneWorker.swift; sourceTree = "<group>"; };
		74D3F8472670970800C8C20B /* HomeScreenSceneRouter.swift */ = {isa = PBXFileReference; lastKnownFileType = sourcecode.swift; path = HomeScreenSceneRouter.swift; sourceTree = "<group>"; };
		74D3F8482670970800C8C20B /* HomeScreenSceneModels.swift */ = {isa = PBXFileReference; lastKnownFileType = sourcecode.swift; path = HomeScreenSceneModels.swift; sourceTree = "<group>"; };
		74D3F8492670970800C8C20B /* HomeScreenSceneViewController.swift */ = {isa = PBXFileReference; lastKnownFileType = sourcecode.swift; path = HomeScreenSceneViewController.swift; sourceTree = "<group>"; };
		74D3F84A2670970800C8C20B /* HomeScreenSceneInteractor.swift */ = {isa = PBXFileReference; lastKnownFileType = sourcecode.swift; path = HomeScreenSceneInteractor.swift; sourceTree = "<group>"; };
		74D5310E2673971E003B1DC1 /* HomeScreenTableViewController.swift */ = {isa = PBXFileReference; lastKnownFileType = sourcecode.swift; path = HomeScreenTableViewController.swift; sourceTree = "<group>"; };
		74D531112673C412003B1DC1 /* CustomColors.swift */ = {isa = PBXFileReference; lastKnownFileType = sourcecode.swift; path = CustomColors.swift; sourceTree = "<group>"; };
		85A5EF8310E6D7820BE917B8 /* Pods_WeatherApp.framework */ = {isa = PBXFileReference; explicitFileType = wrapper.framework; includeInIndex = 0; path = Pods_WeatherApp.framework; sourceTree = BUILT_PRODUCTS_DIR; };
		B2FB26E8FC76A89FCF690CE1 /* Pods-WeatherApp.release.xcconfig */ = {isa = PBXFileReference; includeInIndex = 1; lastKnownFileType = text.xcconfig; name = "Pods-WeatherApp.release.xcconfig"; path = "Target Support Files/Pods-WeatherApp/Pods-WeatherApp.release.xcconfig"; sourceTree = "<group>"; };
		D974BD430DCB0E7FD3E79446 /* Pods-WeatherApp.debug.xcconfig */ = {isa = PBXFileReference; includeInIndex = 1; lastKnownFileType = text.xcconfig; name = "Pods-WeatherApp.debug.xcconfig"; path = "Target Support Files/Pods-WeatherApp/Pods-WeatherApp.debug.xcconfig"; sourceTree = "<group>"; };
/* End PBXFileReference section */

/* Begin PBXFrameworksBuildPhase section */
		749F2DF9266F83FF0017AFC3 /* Frameworks */ = {
			isa = PBXFrameworksBuildPhase;
			buildActionMask = 2147483647;
			files = (
				0B1B66AA2BB32BC4B3DF99D0 /* Pods_WeatherApp.framework in Frameworks */,
			);
			runOnlyForDeploymentPostprocessing = 0;
		};
/* End PBXFrameworksBuildPhase section */

/* Begin PBXGroup section */
		6635FBBCABA90C70BAB97CA9 /* Pods */ = {
			isa = PBXGroup;
			children = (
				D974BD430DCB0E7FD3E79446 /* Pods-WeatherApp.debug.xcconfig */,
				B2FB26E8FC76A89FCF690CE1 /* Pods-WeatherApp.release.xcconfig */,
			);
			path = Pods;
			sourceTree = "<group>";
		};
		7439630C2670BE2C007E16C6 /* Network */ = {
			isa = PBXGroup;
			children = (
			);
			path = Network;
			sourceTree = "<group>";
		};
		7439630D2670BE38007E16C6 /* Model */ = {
			isa = PBXGroup;
			children = (
			);
			path = Model;
			sourceTree = "<group>";
		};
		7439632F2671180E007E16C6 /* SwiftUI View */ = {
			isa = PBXGroup;
			children = (
				7439633026711892007E16C6 /* SwiftUIView.swift */,
			);
			path = "SwiftUI View";
			sourceTree = "<group>";
		};
		749F2DF3266F83FF0017AFC3 = {
			isa = PBXGroup;
			children = (
				749F2DFE266F83FF0017AFC3 /* WeatherApp */,
				749F2DFD266F83FF0017AFC3 /* Products */,
				6635FBBCABA90C70BAB97CA9 /* Pods */,
				D27D1FCB488ADDCE7C26DDE4 /* Frameworks */,
			);
			sourceTree = "<group>";
		};
		749F2DFD266F83FF0017AFC3 /* Products */ = {
			isa = PBXGroup;
			children = (
				749F2DFC266F83FF0017AFC3 /* WeatherApp.app */,
			);
			name = Products;
			sourceTree = "<group>";
		};
		749F2DFE266F83FF0017AFC3 /* WeatherApp */ = {
			isa = PBXGroup;
			children = (
				74B2BAA42671EFE7008351E9 /* MVC */,
				74D531102673C3F5003B1DC1 /* Extensions */,
				749F2DFF266F83FF0017AFC3 /* AppDelegate.swift */,
				749F2E01266F83FF0017AFC3 /* SceneDelegate.swift */,
				749F2E08266F84010017AFC3 /* Assets.xcassets */,
				749F2E0A266F84010017AFC3 /* LaunchScreen.storyboard */,
				749F2E0D266F84010017AFC3 /* Info.plist */,
				7439632F2671180E007E16C6 /* SwiftUI View */,
				74B2BAAB26722EC4008351E9 /* VIP */,
			);
			path = WeatherApp;
			sourceTree = "<group>";
		};
		74B2BAA42671EFE7008351E9 /* MVC */ = {
			isa = PBXGroup;
			children = (
				74B2BAA82671F029008351E9 /* Controller */,
				74B2BAA72671F017008351E9 /* View */,
				74B2BAA52671EFF7008351E9 /* Model */,
			);
			path = MVC;
			sourceTree = "<group>";
		};
		74B2BAA52671EFF7008351E9 /* Model */ = {
			isa = PBXGroup;
			children = (
				7439632B26710970007E16C6 /* NetworkManager.swift */,
				7439630E2670BECD007E16C6 /* WeatherData.swift */,
				7439632D267109D8007E16C6 /* WeatherModel.swift */,
				74AB40C226775C9300EDFF18 /* Locations.swift */,
				7407BCEF2679F5F900A03A6B /* Locations+CoreDataClass.swift */,
				74AB40C4267762B900EDFF18 /* WeatherApp.xcdatamodeld */,
			);
			path = Model;
			sourceTree = "<group>";
		};
		74B2BAA72671F017008351E9 /* View */ = {
			isa = PBXGroup;
			children = (
				74BF684D2670B10A005D0855 /* HomeScreen.storyboard */,
			);
			path = View;
			sourceTree = "<group>";
		};
		74B2BAA82671F029008351E9 /* Controller */ = {
			isa = PBXGroup;
			children = (
				74D5310E2673971E003B1DC1 /* HomeScreenTableViewController.swift */,
				747A6C242681ECA10036FCD7 /* HomeScreenTableViewCell.swift */,
			);
			path = Controller;
			sourceTree = "<group>";
		};
		74B2BAAB26722EC4008351E9 /* VIP */ = {
			isa = PBXGroup;
			children = (
				74D3F838267096CD00C8C20B /* HomeScene */,
			);
			path = VIP;
			sourceTree = "<group>";
		};
		74BF684F2670B25E005D0855 /* Workers */ = {
			isa = PBXGroup;
			children = (
			);
			path = Workers;
			sourceTree = "<group>";
		};
		74D3F838267096CD00C8C20B /* HomeScene */ = {
			isa = PBXGroup;
			children = (
				74BF684F2670B25E005D0855 /* Workers */,
				7439630C2670BE2C007E16C6 /* Network */,
				7439630D2670BE38007E16C6 /* Model */,
				74D3F8452670970800C8C20B /* HomeScreenScenePresenter.swift */,
				74D3F8462670970800C8C20B /* HomeScreenSceneWorker.swift */,
				74D3F8472670970800C8C20B /* HomeScreenSceneRouter.swift */,
				74D3F8482670970800C8C20B /* HomeScreenSceneModels.swift */,
				74D3F8492670970800C8C20B /* HomeScreenSceneViewController.swift */,
				74D3F84A2670970800C8C20B /* HomeScreenSceneInteractor.swift */,
			);
			path = HomeScene;
			sourceTree = "<group>";
		};
		74D531102673C3F5003B1DC1 /* Extensions */ = {
			isa = PBXGroup;
			children = (
				74D531112673C412003B1DC1 /* CustomColors.swift */,
				7407BCF1267A549000A03A6B /* ApplyGradient.swift */,
			);
			path = Extensions;
			sourceTree = "<group>";
		};
		D27D1FCB488ADDCE7C26DDE4 /* Frameworks */ = {
			isa = PBXGroup;
			children = (
				85A5EF8310E6D7820BE917B8 /* Pods_WeatherApp.framework */,
			);
			name = Frameworks;
			sourceTree = "<group>";
		};
/* End PBXGroup section */

/* Begin PBXNativeTarget section */
		749F2DFB266F83FF0017AFC3 /* WeatherApp */ = {
			isa = PBXNativeTarget;
			buildConfigurationList = 749F2E10266F84010017AFC3 /* Build configuration list for PBXNativeTarget "WeatherApp" */;
			buildPhases = (
				6DEB81B1F8143B72BDAEEC16 /* [CP] Check Pods Manifest.lock */,
				749F2DF8266F83FF0017AFC3 /* Sources */,
				749F2DF9266F83FF0017AFC3 /* Frameworks */,
				749F2DFA266F83FF0017AFC3 /* Resources */,
				ECD72B5F7B638291A7B520EC /* [CP] Embed Pods Frameworks */,
			);
			buildRules = (
			);
			dependencies = (
			);
			name = WeatherApp;
			productName = WeatherApp;
			productReference = 749F2DFC266F83FF0017AFC3 /* WeatherApp.app */;
			productType = "com.apple.product-type.application";
		};
/* End PBXNativeTarget section */

/* Begin PBXProject section */
		749F2DF4266F83FF0017AFC3 /* Project object */ = {
			isa = PBXProject;
			attributes = {
				LastSwiftUpdateCheck = 1250;
				LastUpgradeCheck = 1250;
				TargetAttributes = {
					749F2DFB266F83FF0017AFC3 = {
						CreatedOnToolsVersion = 12.5;
					};
				};
			};
			buildConfigurationList = 749F2DF7266F83FF0017AFC3 /* Build configuration list for PBXProject "WeatherApp" */;
			compatibilityVersion = "Xcode 9.3";
			developmentRegion = en;
			hasScannedForEncodings = 0;
			knownRegions = (
				en,
				Base,
			);
			mainGroup = 749F2DF3266F83FF0017AFC3;
			productRefGroup = 749F2DFD266F83FF0017AFC3 /* Products */;
			projectDirPath = "";
			projectRoot = "";
			targets = (
				749F2DFB266F83FF0017AFC3 /* WeatherApp */,
			);
		};
/* End PBXProject section */

/* Begin PBXResourcesBuildPhase section */
		749F2DFA266F83FF0017AFC3 /* Resources */ = {
			isa = PBXResourcesBuildPhase;
			buildActionMask = 2147483647;
			files = (
				74BF684E2670B10A005D0855 /* HomeScreen.storyboard in Resources */,
				749F2E0C266F84010017AFC3 /* LaunchScreen.storyboard in Resources */,
				749F2E09266F84010017AFC3 /* Assets.xcassets in Resources */,
			);
			runOnlyForDeploymentPostprocessing = 0;
		};
/* End PBXResourcesBuildPhase section */

/* Begin PBXShellScriptBuildPhase section */
		6DEB81B1F8143B72BDAEEC16 /* [CP] Check Pods Manifest.lock */ = {
			isa = PBXShellScriptBuildPhase;
			buildActionMask = 2147483647;
			files = (
			);
			inputFileListPaths = (
			);
			inputPaths = (
				"${PODS_PODFILE_DIR_PATH}/Podfile.lock",
				"${PODS_ROOT}/Manifest.lock",
			);
			name = "[CP] Check Pods Manifest.lock";
			outputFileListPaths = (
			);
			outputPaths = (
				"$(DERIVED_FILE_DIR)/Pods-WeatherApp-checkManifestLockResult.txt",
			);
			runOnlyForDeploymentPostprocessing = 0;
			shellPath = /bin/sh;
			shellScript = "diff \"${PODS_PODFILE_DIR_PATH}/Podfile.lock\" \"${PODS_ROOT}/Manifest.lock\" > /dev/null\nif [ $? != 0 ] ; then\n    # print error to STDERR\n    echo \"error: The sandbox is not in sync with the Podfile.lock. Run 'pod install' or update your CocoaPods installation.\" >&2\n    exit 1\nfi\n# This output is used by Xcode 'outputs' to avoid re-running this script phase.\necho \"SUCCESS\" > \"${SCRIPT_OUTPUT_FILE_0}\"\n";
			showEnvVarsInLog = 0;
		};
		ECD72B5F7B638291A7B520EC /* [CP] Embed Pods Frameworks */ = {
			isa = PBXShellScriptBuildPhase;
			buildActionMask = 2147483647;
			files = (
			);
			inputFileListPaths = (
				"${PODS_ROOT}/Target Support Files/Pods-WeatherApp/Pods-WeatherApp-frameworks-${CONFIGURATION}-input-files.xcfilelist",
			);
			name = "[CP] Embed Pods Frameworks";
			outputFileListPaths = (
				"${PODS_ROOT}/Target Support Files/Pods-WeatherApp/Pods-WeatherApp-frameworks-${CONFIGURATION}-output-files.xcfilelist",
			);
			runOnlyForDeploymentPostprocessing = 0;
			shellPath = /bin/sh;
			shellScript = "\"${PODS_ROOT}/Target Support Files/Pods-WeatherApp/Pods-WeatherApp-frameworks.sh\"\n";
			showEnvVarsInLog = 0;
		};
/* End PBXShellScriptBuildPhase section */

/* Begin PBXSourcesBuildPhase section */
		749F2DF8266F83FF0017AFC3 /* Sources */ = {
			isa = PBXSourcesBuildPhase;
			buildActionMask = 2147483647;
			files = (
				74D3F84D2670970800C8C20B /* HomeScreenSceneRouter.swift in Sources */,
				74D3F84E2670970800C8C20B /* HomeScreenSceneModels.swift in Sources */,
				7439632C26710970007E16C6 /* NetworkManager.swift in Sources */,
				74AB40C326775C9300EDFF18 /* Locations.swift in Sources */,
				7407BCF02679F5FA00A03A6B /* Locations+CoreDataClass.swift in Sources */,
				74D3F8502670970800C8C20B /* HomeScreenSceneInteractor.swift in Sources */,
				74D3F84B2670970800C8C20B /* HomeScreenScenePresenter.swift in Sources */,
				747A6C252681ECA10036FCD7 /* HomeScreenTableViewCell.swift in Sources */,
				74AB40C6267762B900EDFF18 /* WeatherApp.xcdatamodeld in Sources */,
				749F2E00266F83FF0017AFC3 /* AppDelegate.swift in Sources */,
				7407BCF2267A549000A03A6B /* ApplyGradient.swift in Sources */,
				74D3F84F2670970800C8C20B /* HomeScreenSceneViewController.swift in Sources */,
				7439632E267109D8007E16C6 /* WeatherModel.swift in Sources */,
				74D5310F2673971E003B1DC1 /* HomeScreenTableViewController.swift in Sources */,
				749F2E02266F83FF0017AFC3 /* SceneDelegate.swift in Sources */,
				7439630F2670BECD007E16C6 /* WeatherData.swift in Sources */,
				74D3F84C2670970800C8C20B /* HomeScreenSceneWorker.swift in Sources */,
				74D531122673C412003B1DC1 /* CustomColors.swift in Sources */,
				7439633126711892007E16C6 /* SwiftUIView.swift in Sources */,
			);
			runOnlyForDeploymentPostprocessing = 0;
		};
/* End PBXSourcesBuildPhase section */

/* Begin PBXVariantGroup section */
		749F2E0A266F84010017AFC3 /* LaunchScreen.storyboard */ = {
			isa = PBXVariantGroup;
			children = (
				749F2E0B266F84010017AFC3 /* Base */,
			);
			name = LaunchScreen.storyboard;
			sourceTree = "<group>";
		};
/* End PBXVariantGroup section */

/* Begin XCBuildConfiguration section */
		749F2E0E266F84010017AFC3 /* Debug */ = {
			isa = XCBuildConfiguration;
			buildSettings = {
				ALWAYS_SEARCH_USER_PATHS = NO;
				CLANG_ANALYZER_NONNULL = YES;
				CLANG_ANALYZER_NUMBER_OBJECT_CONVERSION = YES_AGGRESSIVE;
				CLANG_CXX_LANGUAGE_STANDARD = "gnu++14";
				CLANG_CXX_LIBRARY = "libc++";
				CLANG_ENABLE_MODULES = YES;
				CLANG_ENABLE_OBJC_ARC = YES;
				CLANG_ENABLE_OBJC_WEAK = YES;
				CLANG_WARN_BLOCK_CAPTURE_AUTORELEASING = YES;
				CLANG_WARN_BOOL_CONVERSION = YES;
				CLANG_WARN_COMMA = YES;
				CLANG_WARN_CONSTANT_CONVERSION = YES;
				CLANG_WARN_DEPRECATED_OBJC_IMPLEMENTATIONS = YES;
				CLANG_WARN_DIRECT_OBJC_ISA_USAGE = YES_ERROR;
				CLANG_WARN_DOCUMENTATION_COMMENTS = YES;
				CLANG_WARN_EMPTY_BODY = YES;
				CLANG_WARN_ENUM_CONVERSION = YES;
				CLANG_WARN_INFINITE_RECURSION = YES;
				CLANG_WARN_INT_CONVERSION = YES;
				CLANG_WARN_NON_LITERAL_NULL_CONVERSION = YES;
				CLANG_WARN_OBJC_IMPLICIT_RETAIN_SELF = YES;
				CLANG_WARN_OBJC_LITERAL_CONVERSION = YES;
				CLANG_WARN_OBJC_ROOT_CLASS = YES_ERROR;
				CLANG_WARN_QUOTED_INCLUDE_IN_FRAMEWORK_HEADER = YES;
				CLANG_WARN_RANGE_LOOP_ANALYSIS = YES;
				CLANG_WARN_STRICT_PROTOTYPES = YES;
				CLANG_WARN_SUSPICIOUS_MOVE = YES;
				CLANG_WARN_UNGUARDED_AVAILABILITY = YES_AGGRESSIVE;
				CLANG_WARN_UNREACHABLE_CODE = YES;
				CLANG_WARN__DUPLICATE_METHOD_MATCH = YES;
				COPY_PHASE_STRIP = NO;
				DEBUG_INFORMATION_FORMAT = dwarf;
				ENABLE_STRICT_OBJC_MSGSEND = YES;
				ENABLE_TESTABILITY = YES;
				GCC_C_LANGUAGE_STANDARD = gnu11;
				GCC_DYNAMIC_NO_PIC = NO;
				GCC_NO_COMMON_BLOCKS = YES;
				GCC_OPTIMIZATION_LEVEL = 0;
				GCC_PREPROCESSOR_DEFINITIONS = (
					"DEBUG=1",
					"$(inherited)",
				);
				GCC_WARN_64_TO_32_BIT_CONVERSION = YES;
				GCC_WARN_ABOUT_RETURN_TYPE = YES_ERROR;
				GCC_WARN_UNDECLARED_SELECTOR = YES;
				GCC_WARN_UNINITIALIZED_AUTOS = YES_AGGRESSIVE;
				GCC_WARN_UNUSED_FUNCTION = YES;
				GCC_WARN_UNUSED_VARIABLE = YES;
				IPHONEOS_DEPLOYMENT_TARGET = 13.0;
				MTL_ENABLE_DEBUG_INFO = INCLUDE_SOURCE;
				MTL_FAST_MATH = YES;
				ONLY_ACTIVE_ARCH = YES;
				SDKROOT = iphoneos;
				SWIFT_ACTIVE_COMPILATION_CONDITIONS = DEBUG;
				SWIFT_OPTIMIZATION_LEVEL = "-Onone";
			};
			name = Debug;
		};
		749F2E0F266F84010017AFC3 /* Release */ = {
			isa = XCBuildConfiguration;
			buildSettings = {
				ALWAYS_SEARCH_USER_PATHS = NO;
				CLANG_ANALYZER_NONNULL = YES;
				CLANG_ANALYZER_NUMBER_OBJECT_CONVERSION = YES_AGGRESSIVE;
				CLANG_CXX_LANGUAGE_STANDARD = "gnu++14";
				CLANG_CXX_LIBRARY = "libc++";
				CLANG_ENABLE_MODULES = YES;
				CLANG_ENABLE_OBJC_ARC = YES;
				CLANG_ENABLE_OBJC_WEAK = YES;
				CLANG_WARN_BLOCK_CAPTURE_AUTORELEASING = YES;
				CLANG_WARN_BOOL_CONVERSION = YES;
				CLANG_WARN_COMMA = YES;
				CLANG_WARN_CONSTANT_CONVERSION = YES;
				CLANG_WARN_DEPRECATED_OBJC_IMPLEMENTATIONS = YES;
				CLANG_WARN_DIRECT_OBJC_ISA_USAGE = YES_ERROR;
				CLANG_WARN_DOCUMENTATION_COMMENTS = YES;
				CLANG_WARN_EMPTY_BODY = YES;
				CLANG_WARN_ENUM_CONVERSION = YES;
				CLANG_WARN_INFINITE_RECURSION = YES;
				CLANG_WARN_INT_CONVERSION = YES;
				CLANG_WARN_NON_LITERAL_NULL_CONVERSION = YES;
				CLANG_WARN_OBJC_IMPLICIT_RETAIN_SELF = YES;
				CLANG_WARN_OBJC_LITERAL_CONVERSION = YES;
				CLANG_WARN_OBJC_ROOT_CLASS = YES_ERROR;
				CLANG_WARN_QUOTED_INCLUDE_IN_FRAMEWORK_HEADER = YES;
				CLANG_WARN_RANGE_LOOP_ANALYSIS = YES;
				CLANG_WARN_STRICT_PROTOTYPES = YES;
				CLANG_WARN_SUSPICIOUS_MOVE = YES;
				CLANG_WARN_UNGUARDED_AVAILABILITY = YES_AGGRESSIVE;
				CLANG_WARN_UNREACHABLE_CODE = YES;
				CLANG_WARN__DUPLICATE_METHOD_MATCH = YES;
				COPY_PHASE_STRIP = NO;
				DEBUG_INFORMATION_FORMAT = "dwarf-with-dsym";
				ENABLE_NS_ASSERTIONS = NO;
				ENABLE_STRICT_OBJC_MSGSEND = YES;
				GCC_C_LANGUAGE_STANDARD = gnu11;
				GCC_NO_COMMON_BLOCKS = YES;
				GCC_WARN_64_TO_32_BIT_CONVERSION = YES;
				GCC_WARN_ABOUT_RETURN_TYPE = YES_ERROR;
				GCC_WARN_UNDECLARED_SELECTOR = YES;
				GCC_WARN_UNINITIALIZED_AUTOS = YES_AGGRESSIVE;
				GCC_WARN_UNUSED_FUNCTION = YES;
				GCC_WARN_UNUSED_VARIABLE = YES;
				IPHONEOS_DEPLOYMENT_TARGET = 13.0;
				MTL_ENABLE_DEBUG_INFO = NO;
				MTL_FAST_MATH = YES;
				SDKROOT = iphoneos;
				SWIFT_COMPILATION_MODE = wholemodule;
				SWIFT_OPTIMIZATION_LEVEL = "-O";
				VALIDATE_PRODUCT = YES;
			};
			name = Release;
		};
		749F2E11266F84010017AFC3 /* Debug */ = {
			isa = XCBuildConfiguration;
			baseConfigurationReference = D974BD430DCB0E7FD3E79446 /* Pods-WeatherApp.debug.xcconfig */;
			buildSettings = {
				ASSETCATALOG_COMPILER_APPICON_NAME = AppIcon;
				ASSETCATALOG_COMPILER_GLOBAL_ACCENT_COLOR_NAME = AccentColor;
				CODE_SIGN_STYLE = Automatic;
				DEVELOPMENT_TEAM = 5238FCNJHS;
				INFOPLIST_FILE = WeatherApp/Info.plist;
				LD_RUNPATH_SEARCH_PATHS = (
					"$(inherited)",
					"@executable_path/Frameworks",
				);
				PRODUCT_BUNDLE_IDENTIFIER = vwf.WeatherApp;
				PRODUCT_NAME = "$(TARGET_NAME)";
				SWIFT_VERSION = 5.0;
				TARGETED_DEVICE_FAMILY = "1,2";
			};
			name = Debug;
		};
		749F2E12266F84010017AFC3 /* Release */ = {
			isa = XCBuildConfiguration;
			baseConfigurationReference = B2FB26E8FC76A89FCF690CE1 /* Pods-WeatherApp.release.xcconfig */;
			buildSettings = {
				ASSETCATALOG_COMPILER_APPICON_NAME = AppIcon;
				ASSETCATALOG_COMPILER_GLOBAL_ACCENT_COLOR_NAME = AccentColor;
				CODE_SIGN_STYLE = Automatic;
				DEVELOPMENT_TEAM = 5238FCNJHS;
				INFOPLIST_FILE = WeatherApp/Info.plist;
				LD_RUNPATH_SEARCH_PATHS = (
					"$(inherited)",
					"@executable_path/Frameworks",
				);
				PRODUCT_BUNDLE_IDENTIFIER = vwf.WeatherApp;
				PRODUCT_NAME = "$(TARGET_NAME)";
				SWIFT_VERSION = 5.0;
				TARGETED_DEVICE_FAMILY = "1,2";
			};
			name = Release;
		};
/* End XCBuildConfiguration section */

/* Begin XCConfigurationList section */
		749F2DF7266F83FF0017AFC3 /* Build configuration list for PBXProject "WeatherApp" */ = {
			isa = XCConfigurationList;
			buildConfigurations = (
				749F2E0E266F84010017AFC3 /* Debug */,
				749F2E0F266F84010017AFC3 /* Release */,
			);
			defaultConfigurationIsVisible = 0;
			defaultConfigurationName = Release;
		};
		749F2E10266F84010017AFC3 /* Build configuration list for PBXNativeTarget "WeatherApp" */ = {
			isa = XCConfigurationList;
			buildConfigurations = (
				749F2E11266F84010017AFC3 /* Debug */,
				749F2E12266F84010017AFC3 /* Release */,
			);
			defaultConfigurationIsVisible = 0;
			defaultConfigurationName = Release;
		};
/* End XCConfigurationList section */

/* Begin XCVersionGroup section */
		74AB40C4267762B900EDFF18 /* WeatherApp.xcdatamodeld */ = {
			isa = XCVersionGroup;
			children = (
				74AB40C5267762B900EDFF18 /* Weather.xcdatamodel */,
			);
			currentVersion = 74AB40C5267762B900EDFF18 /* Weather.xcdatamodel */;
			path = WeatherApp.xcdatamodeld;
			sourceTree = "<group>";
			versionGroupType = wrapper.xcdatamodel;
		};
/* End XCVersionGroup section */
	};
	rootObject = 749F2DF4266F83FF0017AFC3 /* Project object */;
}
